
Microsoft Visual Studio Solution File, Format Version 12.00
# Visual Studio Version 16
VisualStudioVersion = 16.0.31229.75
MinimumVisualStudioVersion = 10.0.40219.1
Project("{9A19103F-16F7-4668-BE54-9A1E7A4F7556}") = "InAndOut", "InAndOut\InAndOut.csproj", "{70E5357A-3038-481D-B64C-A33BF2E0A0DE}"
EndProject
Global
	GlobalSection(SolutionConfigurationPlatforms) = preSolution
		Debug|Any CPU = Debug|Any CPU
		Release|Any CPU = Release|Any CPU
	EndGlobalSection
	GlobalSection(ProjectConfigurationPlatforms) = postSolution
		{70E5357A-3038-481D-B64C-A33BF2E0A0DE}.Debug|Any CPU.ActiveCfg = Debug|Any CPU
		{70E5357A-3038-481D-B64C-A33BF2E0A0DE}.Debug|Any CPU.Build.0 = Debug|Any CPU
		{70E5357A-3038-481D-B64C-A33BF2E0A0DE}.Release|Any CPU.ActiveCfg = Release|Any CPU
		{70E5357A-3038-481D-B64C-A33BF2E0A0DE}.Release|Any CPU.Build.0 = Release|Any CPU
	EndGlobalSection
	GlobalSection(SolutionProperties) = preSolution
		HideSolutionNode = FALSE
	EndGlobalSection
	GlobalSection(ExtensibilityGlobals) = postSolution
		SolutionGuid = {D4AEC968-FA0B-4E7A-A4B0-96FBD8CF54AD}
	EndGlobalSection
EndGlobal
